
Microsoft Visual Studio Solution File, Format Version 12.00
# Visual Studio Version 17
VisualStudioVersion = 17.0.31903.59
MinimumVisualStudioVersion = 10.0.40219.1
Project("{FAE04EC0-301F-11D3-BF4B-00C04F79EFBC}") = "Trackit.Core", "Trackit.Core\Trackit.Core.csproj", "{FA022070-6887-4833-B210-463C21350D49}"
EndProject
Project("{FAE04EC0-301F-11D3-BF4B-00C04F79EFBC}") = "Trackit.Data", "Trackit.Data\Trackit.Data.csproj", "{6A8B89AC-EDF5-46B1-A2F9-E0AB8F20CAD5}"
EndProject
Project("{FAE04EC0-301F-11D3-BF4B-00C04F79EFBC}") = "Trackit.Cli", "Trackit.Cli\Trackit.Cli.csproj", "{7E1A7FEE-DC4F-4BDA-BC44-BB74116BF744}"
EndProject
Project("{FAE04EC0-301F-11D3-BF4B-00C04F79EFBC}") = "Trackit.Tests", "Trackit.Tests\Trackit.Tests.csproj", "{C84BF7E9-4A12-4FDC-AE2B-0A012C1396A9}"
EndProject
Global
	GlobalSection(SolutionConfigurationPlatforms) = preSolution
		Debug|Any CPU = Debug|Any CPU
		Debug|x64 = Debug|x64
		Debug|x86 = Debug|x86
		Release|Any CPU = Release|Any CPU
		Release|x64 = Release|x64
		Release|x86 = Release|x86
	EndGlobalSection
	GlobalSection(ProjectConfigurationPlatforms) = postSolution
		{FA022070-6887-4833-B210-463C21350D49}.Debug|Any CPU.ActiveCfg = Debug|Any CPU
		{FA022070-6887-4833-B210-463C21350D49}.Debug|Any CPU.Build.0 = Debug|Any CPU
		{FA022070-6887-4833-B210-463C21350D49}.Debug|x64.ActiveCfg = Debug|Any CPU
		{FA022070-6887-4833-B210-463C21350D49}.Debug|x64.Build.0 = Debug|Any CPU
		{FA022070-6887-4833-B210-463C21350D49}.Debug|x86.ActiveCfg = Debug|Any CPU
		{FA022070-6887-4833-B210-463C21350D49}.Debug|x86.Build.0 = Debug|Any CPU
		{FA022070-6887-4833-B210-463C21350D49}.Release|Any CPU.ActiveCfg = Release|Any CPU
		{FA022070-6887-4833-B210-463C21350D49}.Release|Any CPU.Build.0 = Release|Any CPU
		{FA022070-6887-4833-B210-463C21350D49}.Release|x64.ActiveCfg = Release|Any CPU
		{FA022070-6887-4833-B210-463C21350D49}.Release|x64.Build.0 = Release|Any CPU
		{FA022070-6887-4833-B210-463C21350D49}.Release|x86.ActiveCfg = Release|Any CPU
		{FA022070-6887-4833-B210-463C21350D49}.Release|x86.Build.0 = Release|Any CPU
		{6A8B89AC-EDF5-46B1-A2F9-E0AB8F20CAD5}.Debug|Any CPU.ActiveCfg = Debug|Any CPU
		{6A8B89AC-EDF5-46B1-A2F9-E0AB8F20CAD5}.Debug|Any CPU.Build.0 = Debug|Any CPU
		{6A8B89AC-EDF5-46B1-A2F9-E0AB8F20CAD5}.Debug|x64.ActiveCfg = Debug|Any CPU
		{6A8B89AC-EDF5-46B1-A2F9-E0AB8F20CAD5}.Debug|x64.Build.0 = Debug|Any CPU
		{6A8B89AC-EDF5-46B1-A2F9-E0AB8F20CAD5}.Debug|x86.ActiveCfg = Debug|Any CPU
		{6A8B89AC-EDF5-46B1-A2F9-E0AB8F20CAD5}.Debug|x86.Build.0 = Debug|Any CPU
		{6A8B89AC-EDF5-46B1-A2F9-E0AB8F20CAD5}.Release|Any CPU.ActiveCfg = Release|Any CPU
		{6A8B89AC-EDF5-46B1-A2F9-E0AB8F20CAD5}.Release|Any CPU.Build.0 = Release|Any CPU
		{6A8B89AC-EDF5-46B1-A2F9-E0AB8F20CAD5}.Release|x64.ActiveCfg = Release|Any CPU
		{6A8B89AC-EDF5-46B1-A2F9-E0AB8F20CAD5}.Release|x64.Build.0 = Release|Any CPU
		{6A8B89AC-EDF5-46B1-A2F9-E0AB8F20CAD5}.Release|x86.ActiveCfg = Release|Any CPU
		{6A8B89AC-EDF5-46B1-A2F9-E0AB8F20CAD5}.Release|x86.Build.0 = Release|Any CPU
		{7E1A7FEE-DC4F-4BDA-BC44-BB74116BF744}.Debug|Any CPU.ActiveCfg = Debug|Any CPU
		{7E1A7FEE-DC4F-4BDA-BC44-BB74116BF744}.Debug|Any CPU.Build.0 = Debug|Any CPU
		{7E1A7FEE-DC4F-4BDA-BC44-BB74116BF744}.Debug|x64.ActiveCfg = Debug|Any CPU
		{7E1A7FEE-DC4F-4BDA-BC44-BB74116BF744}.Debug|x64.Build.0 = Debug|Any CPU
		{7E1A7FEE-DC4F-4BDA-BC44-BB74116BF744}.Debug|x86.ActiveCfg = Debug|Any CPU
		{7E1A7FEE-DC4F-4BDA-BC44-BB74116BF744}.Debug|x86.Build.0 = Debug|Any CPU
		{7E1A7FEE-DC4F-4BDA-BC44-BB74116BF744}.Release|Any CPU.ActiveCfg = Release|Any CPU
		{7E1A7FEE-DC4F-4BDA-BC44-BB74116BF744}.Release|Any CPU.Build.0 = Release|Any CPU
		{7E1A7FEE-DC4F-4BDA-BC44-BB74116BF744}.Release|x64.ActiveCfg = Release|Any CPU
		{7E1A7FEE-DC4F-4BDA-BC44-BB74116BF744}.Release|x64.Build.0 = Release|Any CPU
		{7E1A7FEE-DC4F-4BDA-BC44-BB74116BF744}.Release|x86.ActiveCfg = Release|Any CPU
		{7E1A7FEE-DC4F-4BDA-BC44-BB74116BF744}.Release|x86.Build.0 = Release|Any CPU
		{C84BF7E9-4A12-4FDC-AE2B-0A012C1396A9}.Debug|Any CPU.ActiveCfg = Debug|Any CPU
		{C84BF7E9-4A12-4FDC-AE2B-0A012C1396A9}.Debug|Any CPU.Build.0 = Debug|Any CPU
		{C84BF7E9-4A12-4FDC-AE2B-0A012C1396A9}.Debug|x64.ActiveCfg = Debug|Any CPU
		{C84BF7E9-4A12-4FDC-AE2B-0A012C1396A9}.Debug|x64.Build.0 = Debug|Any CPU
		{C84BF7E9-4A12-4FDC-AE2B-0A012C1396A9}.Debug|x86.ActiveCfg = Debug|Any CPU
		{C84BF7E9-4A12-4FDC-AE2B-0A012C1396A9}.Debug|x86.Build.0 = Debug|Any CPU
		{C84BF7E9-4A12-4FDC-AE2B-0A012C1396A9}.Release|Any CPU.ActiveCfg = Release|Any CPU
		{C84BF7E9-4A12-4FDC-AE2B-0A012C1396A9}.Release|Any CPU.Build.0 = Release|Any CPU
		{C84BF7E9-4A12-4FDC-AE2B-0A012C1396A9}.Release|x64.ActiveCfg = Release|Any CPU
		{C84BF7E9-4A12-4FDC-AE2B-0A012C1396A9}.Release|x64.Build.0 = Release|Any CPU
		{C84BF7E9-4A12-4FDC-AE2B-0A012C1396A9}.Release|x86.ActiveCfg = Release|Any CPU
		{C84BF7E9-4A12-4FDC-AE2B-0A012C1396A9}.Release|x86.Build.0 = Release|Any CPU
	EndGlobalSection
	GlobalSection(SolutionProperties) = preSolution
		HideSolutionNode = FALSE
	EndGlobalSection
EndGlobal
